<?xml version="1.0" encoding="utf-8"?>
<Project ToolsVersion="4.0" xmlns="http://schemas.microsoft.com/developer/msbuild/2003">
  <ItemGroup>
    <Filter Include="Main">
      <UniqueIdentifier>{6c7012d4-bfdf-4070-a2dd-845e5ac19948}</UniqueIdentifier>
    </Filter>
    <Filter Include="Resources">
      <UniqueIdentifier>{cb2feed4-74b7-4875-becd-0891530d932f}</UniqueIdentifier>
    </Filter>
    <Filter Include="Core">
      <UniqueIdentifier>{ee27453d-164a-40b2-be8f-9bd1682caead}</UniqueIdentifier>
    </Filter>
    <Filter Include="Tool">
      <UniqueIdentifier>{29debc4c-2e07-43be-bfff-f255ce050966}</UniqueIdentifier>
    </Filter>
    <Filter Include="Model">
      <UniqueIdentifier>{80e0382e-71b5-4fb7-826b-4074f010094f}</UniqueIdentifier>
    </Filter>
  </ItemGroup>
  <ItemGroup>
    <ClInclude Include="Main\Main.h">
      <Filter>Main</Filter>
    </ClInclude>
    <ClInclude Include="Resources\Resource.h">
      <Filter>Resources</Filter>
    </ClInclude>
    <ClInclude Include="Resources\targetver.h">
      <Filter>Resources</Filter>
    </ClInclude>
    <ClInclude Include="Tool\Mathf.h">
      <Filter>Tool</Filter>
    </ClInclude>
    <ClInclude Include="Core\Vector2.h">
      <Filter>Core</Filter>
    </ClInclude>
    <ClInclude Include="Core\Vector3.h">
      <Filter>Core</Filter>
    </ClInclude>
    <ClInclude Include="Core\Vector4.h">
      <Filter>Core</Filter>
    </ClInclude>
    <ClInclude Include="Core\Matrix4x4.h">
      <Filter>Core</Filter>
    </ClInclude>
    <ClInclude Include="Core\Camera.h">
      <Filter>Core</Filter>
    </ClInclude>
    <ClInclude Include="Core\Color.h">
      <Filter>Core</Filter>
    </ClInclude>
    <ClInclude Include="Core\Mesh.h">
      <Filter>Core</Filter>
    </ClInclude>
    <ClInclude Include="Core\Screen.h">
      <Filter>Core</Filter>
    </ClInclude>
    <ClInclude Include="Core\SREngine.h">
      <Filter>Core</Filter>
    </ClInclude>
    <ClInclude Include="Core\Transform.h">
      <Filter>Core</Filter>
    </ClInclude>
    <ClInclude Include="Core\Matrix3x3.h">
      <Filter>Core</Filter>
    </ClInclude>
    <ClInclude Include="Tool\DrawingTool.h">
      <Filter>Tool</Filter>
    </ClInclude>
    <ClInclude Include="Model\ModelFactory.h">
      <Filter>Model</Filter>
    </ClInclude>
    <ClInclude Include="Core\DirectionalLight.h">
      <Filter>Core</Filter>
    </ClInclude>
    <ClInclude Include="Core\Vertex.h">
      <Filter>Core</Filter>
    </ClInclude>
    <ClInclude Include="Model\ModelParser.h">
      <Filter>Model</Filter>
    </ClInclude>
  </ItemGroup>
  <ItemGroup>
    <ClCompile Include="Main\Main.cpp">
      <Filter>Main</Filter>
    </ClCompile>
    <ClCompile Include="Core\Vector2.cpp">
      <Filter>Core</Filter>
    </ClCompile>
    <ClCompile Include="Core\Vector3.cpp">
      <Filter>Core</Filter>
    </ClCompile>
    <ClCompile Include="Core\Vector4.cpp">
      <Filter>Core</Filter>
    </ClCompile>
    <ClCompile Include="Matrix4x4.cpp">
      <Filter>Core</Filter>
    </ClCompile>
    <ClCompile Include="Core\Camera.cpp">
      <Filter>Core</Filter>
    </ClCompile>
    <ClCompile Include="Core\Color.cpp">
      <Filter>Core</Filter>
    </ClCompile>
    <ClCompile Include="Core\Mesh.cpp">
      <Filter>Core</Filter>
    </ClCompile>
    <ClCompile Include="Core\Screen.cpp">
      <Filter>Core</Filter>
    </ClCompile>
    <ClCompile Include="Core\SREngine.cpp">
      <Filter>Core</Filter>
    </ClCompile>
    <ClCompile Include="Core\Transform.cpp">
      <Filter>Core</Filter>
    </ClCompile>
    <ClCompile Include="Core\Matrix3x3.cpp">
      <Filter>Core</Filter>
    </ClCompile>
    <ClCompile Include="Tool\Mathf.cpp">
      <Filter>Tool</Filter>
    </ClCompile>
    <ClCompile Include="Tool\DrawingTool.cpp">
      <Filter>Tool</Filter>
    </ClCompile>
    <ClCompile Include="Model\ModelFactory.cpp">
      <Filter>Model</Filter>
    </ClCompile>
    <ClCompile Include="Core\DirectionalLight.cpp">
      <Filter>Core</Filter>
    </ClCompile>
    <ClCompile Include="Core\Vertex.cpp">
      <Filter>Core</Filter>
    </ClCompile>
    <ClCompile Include="Model\ModelParser.cpp">
      <Filter>Model</Filter>
    </ClCompile>
  </ItemGroup>
  <ItemGroup>
    <ResourceCompile Include="Resources\SimpleSR.rc">
      <Filter>Resources</Filter>
    </ResourceCompile>
  </ItemGroup>
  <ItemGroup>
    <Image Include="Resources\SimpleSR.ico">
      <Filter>Resources</Filter>
    </Image>
    <Image Include="Resources\small.ico">
      <Filter>Resources</Filter>
    </Image>
  </ItemGroup>
</Project>